{
  "name": "the-gathering-sovereign-node",
  "version": "2.4.0-PROD",
  "lockfileVersion": 3,
  "requires": true,
  "packages": {
    "": {
      "name": "the-gathering-sovereign-node",
      "version": "2.4.0-PROD",
      "dependencies": {
        "@modelcontextprotocol/sdk": "^1.0.4",
        "zod": "^3.23.8"
      }
    }
  }
}